
Microsoft Visual Studio Solution File, Format Version 12.00
# Visual Studio Version 16
VisualStudioVersion = 16.0.31205.134
MinimumVisualStudioVersion = 10.0.40219.1
Project("{FAE04EC0-301F-11D3-BF4B-00C04F79EFBC}") = "XamarinVIBE.UWP", "XamarinVIBE\XamarinVIBE.UWP\XamarinVIBE.UWP.csproj", "{7C136C3F-3D4B-4140-BB6A-46F36B79E7CE}"
EndProject
Project("{FAE04EC0-301F-11D3-BF4B-00C04F79EFBC}") = "XamarinVIBE.Android", "XamarinVIBE\XamarinVIBE.Android\XamarinVIBE.Android.csproj", "{5F211BC6-8B3E-4D9B-AD3D-7D47625D2781}"
EndProject
Project("{FAE04EC0-301F-11D3-BF4B-00C04F79EFBC}") = "XamarinVIBE.iOS", "XamarinVIBE\XamarinVIBE.iOS\XamarinVIBE.iOS.csproj", "{5CF3A4BF-0E0A-4DA2-A621-F5D63EEA156E}"
EndProject
Project("{FAE04EC0-301F-11D3-BF4B-00C04F79EFBC}") = "XamarinVIBE", "XamarinVIBE\XamarinVIBE\XamarinVIBE.csproj", "{80485425-B163-4B86-81F9-B0DFACC08372}"
EndProject
Global
	GlobalSection(SolutionConfigurationPlatforms) = preSolution
		Debug|Any CPU = Debug|Any CPU
		Debug|ARM = Debug|ARM
		Debug|iPhone = Debug|iPhone
		Debug|iPhoneSimulator = Debug|iPhoneSimulator
		Debug|x64 = Debug|x64
		Debug|x86 = Debug|x86
		Release|Any CPU = Release|Any CPU
		Release|ARM = Release|ARM
		Release|iPhone = Release|iPhone
		Release|iPhoneSimulator = Release|iPhoneSimulator
		Release|x64 = Release|x64
		Release|x86 = Release|x86
	EndGlobalSection
	GlobalSection(ProjectConfigurationPlatforms) = postSolution
		{7C136C3F-3D4B-4140-BB6A-46F36B79E7CE}.Debug|Any CPU.ActiveCfg = Debug|x86
		{7C136C3F-3D4B-4140-BB6A-46F36B79E7CE}.Debug|Any CPU.Build.0 = Debug|x86
		{7C136C3F-3D4B-4140-BB6A-46F36B79E7CE}.Debug|Any CPU.Deploy.0 = Debug|x86
		{7C136C3F-3D4B-4140-BB6A-46F36B79E7CE}.Debug|ARM.ActiveCfg = Debug|ARM
		{7C136C3F-3D4B-4140-BB6A-46F36B79E7CE}.Debug|ARM.Build.0 = Debug|ARM
		{7C136C3F-3D4B-4140-BB6A-46F36B79E7CE}.Debug|ARM.Deploy.0 = Debug|ARM
		{7C136C3F-3D4B-4140-BB6A-46F36B79E7CE}.Debug|iPhone.ActiveCfg = Debug|x86
		{7C136C3F-3D4B-4140-BB6A-46F36B79E7CE}.Debug|iPhone.Build.0 = Debug|x86
		{7C136C3F-3D4B-4140-BB6A-46F36B79E7CE}.Debug|iPhone.Deploy.0 = Debug|x86
		{7C136C3F-3D4B-4140-BB6A-46F36B79E7CE}.Debug|iPhoneSimulator.ActiveCfg = Debug|x86
		{7C136C3F-3D4B-4140-BB6A-46F36B79E7CE}.Debug|iPhoneSimulator.Build.0 = Debug|x86
		{7C136C3F-3D4B-4140-BB6A-46F36B79E7CE}.Debug|iPhoneSimulator.Deploy.0 = Debug|x86
		{7C136C3F-3D4B-4140-BB6A-46F36B79E7CE}.Debug|x64.ActiveCfg = Debug|x64
		{7C136C3F-3D4B-4140-BB6A-46F36B79E7CE}.Debug|x64.Build.0 = Debug|x64
		{7C136C3F-3D4B-4140-BB6A-46F36B79E7CE}.Debug|x64.Deploy.0 = Debug|x64
		{7C136C3F-3D4B-4140-BB6A-46F36B79E7CE}.Debug|x86.ActiveCfg = Debug|x86
		{7C136C3F-3D4B-4140-BB6A-46F36B79E7CE}.Debug|x86.Build.0 = Debug|x86
		{7C136C3F-3D4B-4140-BB6A-46F36B79E7CE}.Debug|x86.Deploy.0 = Debug|x86
		{7C136C3F-3D4B-4140-BB6A-46F36B79E7CE}.Release|Any CPU.ActiveCfg = Release|x86
		{7C136C3F-3D4B-4140-BB6A-46F36B79E7CE}.Release|Any CPU.Build.0 = Release|x86
		{7C136C3F-3D4B-4140-BB6A-46F36B79E7CE}.Release|Any CPU.Deploy.0 = Release|x86
		{7C136C3F-3D4B-4140-BB6A-46F36B79E7CE}.Release|ARM.ActiveCfg = Release|ARM
		{7C136C3F-3D4B-4140-BB6A-46F36B79E7CE}.Release|ARM.Build.0 = Release|ARM
		{7C136C3F-3D4B-4140-BB6A-46F36B79E7CE}.Release|ARM.Deploy.0 = Release|ARM
		{7C136C3F-3D4B-4140-BB6A-46F36B79E7CE}.Release|iPhone.ActiveCfg = Release|x86
		{7C136C3F-3D4B-4140-BB6A-46F36B79E7CE}.Release|iPhone.Build.0 = Release|x86
		{7C136C3F-3D4B-4140-BB6A-46F36B79E7CE}.Release|iPhone.Deploy.0 = Release|x86
		{7C136C3F-3D4B-4140-BB6A-46F36B79E7CE}.Release|iPhoneSimulator.ActiveCfg = Release|x86
		{7C136C3F-3D4B-4140-BB6A-46F36B79E7CE}.Release|iPhoneSimulator.Build.0 = Release|x86
		{7C136C3F-3D4B-4140-BB6A-46F36B79E7CE}.Release|iPhoneSimulator.Deploy.0 = Release|x86
		{7C136C3F-3D4B-4140-BB6A-46F36B79E7CE}.Release|x64.ActiveCfg = Release|x64
		{7C136C3F-3D4B-4140-BB6A-46F36B79E7CE}.Release|x64.Build.0 = Release|x64
		{7C136C3F-3D4B-4140-BB6A-46F36B79E7CE}.Release|x64.Deploy.0 = Release|x64
		{7C136C3F-3D4B-4140-BB6A-46F36B79E7CE}.Release|x86.ActiveCfg = Release|x86
		{7C136C3F-3D4B-4140-BB6A-46F36B79E7CE}.Release|x86.Build.0 = Release|x86
		{7C136C3F-3D4B-4140-BB6A-46F36B79E7CE}.Release|x86.Deploy.0 = Release|x86
		{5F211BC6-8B3E-4D9B-AD3D-7D47625D2781}.Debug|Any CPU.ActiveCfg = Debug|Any CPU
		{5F211BC6-8B3E-4D9B-AD3D-7D47625D2781}.Debug|Any CPU.Build.0 = Debug|Any CPU
		{5F211BC6-8B3E-4D9B-AD3D-7D47625D2781}.Debug|Any CPU.Deploy.0 = Debug|Any CPU
		{5F211BC6-8B3E-4D9B-AD3D-7D47625D2781}.Debug|ARM.ActiveCfg = Debug|Any CPU
		{5F211BC6-8B3E-4D9B-AD3D-7D47625D2781}.Debug|ARM.Build.0 = Debug|Any CPU
		{5F211BC6-8B3E-4D9B-AD3D-7D47625D2781}.Debug|ARM.Deploy.0 = Debug|Any CPU
		{5F211BC6-8B3E-4D9B-AD3D-7D47625D2781}.Debug|iPhone.ActiveCfg = Debug|Any CPU
		{5F211BC6-8B3E-4D9B-AD3D-7D47625D2781}.Debug|iPhone.Build.0 = Debug|Any CPU
		{5F211BC6-8B3E-4D9B-AD3D-7D47625D2781}.Debug|iPhone.Deploy.0 = Debug|Any CPU
		{5F211BC6-8B3E-4D9B-AD3D-7D47625D2781}.Debug|iPhoneSimulator.ActiveCfg = Debug|Any CPU
		{5F211BC6-8B3E-4D9B-AD3D-7D47625D2781}.Debug|iPhoneSimulator.Build.0 = Debug|Any CPU
		{5F211BC6-8B3E-4D9B-AD3D-7D47625D2781}.Debug|iPhoneSimulator.Deploy.0 = Debug|Any CPU
		{5F211BC6-8B3E-4D9B-AD3D-7D47625D2781}.Debug|x64.ActiveCfg = Debug|Any CPU
		{5F211BC6-8B3E-4D9B-AD3D-7D47625D2781}.Debug|x64.Build.0 = Debug|Any CPU
		{5F211BC6-8B3E-4D9B-AD3D-7D47625D2781}.Debug|x64.Deploy.0 = Debug|Any CPU
		{5F211BC6-8B3E-4D9B-AD3D-7D47625D2781}.Debug|x86.ActiveCfg = Debug|Any CPU
		{5F211BC6-8B3E-4D9B-AD3D-7D47625D2781}.Debug|x86.Build.0 = Debug|Any CPU
		{5F211BC6-8B3E-4D9B-AD3D-7D47625D2781}.Debug|x86.Deploy.0 = Debug|Any CPU
		{5F211BC6-8B3E-4D9B-AD3D-7D47625D2781}.Release|Any CPU.ActiveCfg = Release|Any CPU
		{5F211BC6-8B3E-4D9B-AD3D-7D47625D2781}.Release|Any CPU.Build.0 = Release|Any CPU
		{5F211BC6-8B3E-4D9B-AD3D-7D47625D2781}.Release|Any CPU.Deploy.0 = Release|Any CPU
		{5F211BC6-8B3E-4D9B-AD3D-7D47625D2781}.Release|ARM.ActiveCfg = Release|Any CPU
		{5F211BC6-8B3E-4D9B-AD3D-7D47625D2781}.Release|ARM.Build.0 = Release|Any CPU
		{5F211BC6-8B3E-4D9B-AD3D-7D47625D2781}.Release|ARM.Deploy.0 = Release|Any CPU
		{5F211BC6-8B3E-4D9B-AD3D-7D47625D2781}.Release|iPhone.ActiveCfg = Release|Any CPU
		{5F211BC6-8B3E-4D9B-AD3D-7D47625D2781}.Release|iPhone.Build.0 = Release|Any CPU
		{5F211BC6-8B3E-4D9B-AD3D-7D47625D2781}.Release|iPhone.Deploy.0 = Release|Any CPU
		{5F211BC6-8B3E-4D9B-AD3D-7D47625D2781}.Release|iPhoneSimulator.ActiveCfg = Release|Any CPU
		{5F211BC6-8B3E-4D9B-AD3D-7D47625D2781}.Release|iPhoneSimulator.Build.0 = Release|Any CPU
		{5F211BC6-8B3E-4D9B-AD3D-7D47625D2781}.Release|iPhoneSimulator.Deploy.0 = Release|Any CPU
		{5F211BC6-8B3E-4D9B-AD3D-7D47625D2781}.Release|x64.ActiveCfg = Release|Any CPU
		{5F211BC6-8B3E-4D9B-AD3D-7D47625D2781}.Release|x64.Build.0 = Release|Any CPU
		{5F211BC6-8B3E-4D9B-AD3D-7D47625D2781}.Release|x64.Deploy.0 = Release|Any CPU
		{5F211BC6-8B3E-4D9B-AD3D-7D47625D2781}.Release|x86.ActiveCfg = Release|Any CPU
		{5F211BC6-8B3E-4D9B-AD3D-7D47625D2781}.Release|x86.Build.0 = Release|Any CPU
		{5F211BC6-8B3E-4D9B-AD3D-7D47625D2781}.Release|x86.Deploy.0 = Release|Any CPU
		{5CF3A4BF-0E0A-4DA2-A621-F5D63EEA156E}.Debug|Any CPU.ActiveCfg = Debug|iPhoneSimulator
		{5CF3A4BF-0E0A-4DA2-A621-F5D63EEA156E}.Debug|Any CPU.Build.0 = Debug|iPhoneSimulator
		{5CF3A4BF-0E0A-4DA2-A621-F5D63EEA156E}.Debug|Any CPU.Deploy.0 = Debug|iPhoneSimulator
		{5CF3A4BF-0E0A-4DA2-A621-F5D63EEA156E}.Debug|ARM.ActiveCfg = Debug|iPhone
		{5CF3A4BF-0E0A-4DA2-A621-F5D63EEA156E}.Debug|ARM.Build.0 = Debug|iPhone
		{5CF3A4BF-0E0A-4DA2-A621-F5D63EEA156E}.Debug|ARM.Deploy.0 = Debug|iPhone
		{5CF3A4BF-0E0A-4DA2-A621-F5D63EEA156E}.Debug|iPhone.ActiveCfg = Debug|iPhone
		{5CF3A4BF-0E0A-4DA2-A621-F5D63EEA156E}.Debug|iPhone.Build.0 = Debug|iPhone
		{5CF3A4BF-0E0A-4DA2-A621-F5D63EEA156E}.Debug|iPhone.Deploy.0 = Debug|iPhone
		{5CF3A4BF-0E0A-4DA2-A621-F5D63EEA156E}.Debug|iPhoneSimulator.ActiveCfg = Debug|iPhoneSimulator
		{5CF3A4BF-0E0A-4DA2-A621-F5D63EEA156E}.Debug|iPhoneSimulator.Build.0 = Debug|iPhoneSimulator
		{5CF3A4BF-0E0A-4DA2-A621-F5D63EEA156E}.Debug|iPhoneSimulator.Deploy.0 = Debug|iPhoneSimulator
		{5CF3A4BF-0E0A-4DA2-A621-F5D63EEA156E}.Debug|x64.ActiveCfg = Debug|iPhoneSimulator
		{5CF3A4BF-0E0A-4DA2-A621-F5D63EEA156E}.Debug|x64.Build.0 = Debug|iPhoneSimulator
		{5CF3A4BF-0E0A-4DA2-A621-F5D63EEA156E}.Debug|x64.Deploy.0 = Debug|iPhoneSimulator
		{5CF3A4BF-0E0A-4DA2-A621-F5D63EEA156E}.Debug|x86.ActiveCfg = Debug|iPhoneSimulator
		{5CF3A4BF-0E0A-4DA2-A621-F5D63EEA156E}.Debug|x86.Build.0 = Debug|iPhoneSimulator
		{5CF3A4BF-0E0A-4DA2-A621-F5D63EEA156E}.Debug|x86.Deploy.0 = Debug|iPhoneSimulator
		{5CF3A4BF-0E0A-4DA2-A621-F5D63EEA156E}.Release|Any CPU.ActiveCfg = Release|iPhoneSimulator
		{5CF3A4BF-0E0A-4DA2-A621-F5D63EEA156E}.Release|Any CPU.Build.0 = Release|iPhoneSimulator
		{5CF3A4BF-0E0A-4DA2-A621-F5D63EEA156E}.Release|Any CPU.Deploy.0 = Release|iPhoneSimulator
		{5CF3A4BF-0E0A-4DA2-A621-F5D63EEA156E}.Release|ARM.ActiveCfg = Release|iPhoneSimulator
		{5CF3A4BF-0E0A-4DA2-A621-F5D63EEA156E}.Release|ARM.Build.0 = Release|iPhoneSimulator
		{5CF3A4BF-0E0A-4DA2-A621-F5D63EEA156E}.Release|ARM.Deploy.0 = Release|iPhoneSimulator
		{5CF3A4BF-0E0A-4DA2-A621-F5D63EEA156E}.Release|iPhone.ActiveCfg = Release|iPhone
		{5CF3A4BF-0E0A-4DA2-A621-F5D63EEA156E}.Release|iPhone.Build.0 = Release|iPhone
		{5CF3A4BF-0E0A-4DA2-A621-F5D63EEA156E}.Release|iPhone.Deploy.0 = Release|iPhone
		{5CF3A4BF-0E0A-4DA2-A621-F5D63EEA156E}.Release|iPhoneSimulator.ActiveCfg = Release|iPhoneSimulator
		{5CF3A4BF-0E0A-4DA2-A621-F5D63EEA156E}.Release|iPhoneSimulator.Build.0 = Release|iPhoneSimulator
		{5CF3A4BF-0E0A-4DA2-A621-F5D63EEA156E}.Release|iPhoneSimulator.Deploy.0 = Release|iPhoneSimulator
		{5CF3A4BF-0E0A-4DA2-A621-F5D63EEA156E}.Release|x64.ActiveCfg = Release|iPhoneSimulator
		{5CF3A4BF-0E0A-4DA2-A621-F5D63EEA156E}.Release|x64.Build.0 = Release|iPhoneSimulator
		{5CF3A4BF-0E0A-4DA2-A621-F5D63EEA156E}.Release|x64.Deploy.0 = Release|iPhoneSimulator
		{5CF3A4BF-0E0A-4DA2-A621-F5D63EEA156E}.Release|x86.ActiveCfg = Release|iPhoneSimulator
		{5CF3A4BF-0E0A-4DA2-A621-F5D63EEA156E}.Release|x86.Build.0 = Release|iPhoneSimulator
		{5CF3A4BF-0E0A-4DA2-A621-F5D63EEA156E}.Release|x86.Deploy.0 = Release|iPhoneSimulator
		{80485425-B163-4B86-81F9-B0DFACC08372}.Debug|Any CPU.ActiveCfg = Debug|Any CPU
		{80485425-B163-4B86-81F9-B0DFACC08372}.Debug|Any CPU.Build.0 = Debug|Any CPU
		{80485425-B163-4B86-81F9-B0DFACC08372}.Debug|Any CPU.Deploy.0 = Debug|Any CPU
		{80485425-B163-4B86-81F9-B0DFACC08372}.Debug|ARM.ActiveCfg = Debug|Any CPU
		{80485425-B163-4B86-81F9-B0DFACC08372}.Debug|ARM.Build.0 = Debug|Any CPU
		{80485425-B163-4B86-81F9-B0DFACC08372}.Debug|ARM.Deploy.0 = Debug|Any CPU
		{80485425-B163-4B86-81F9-B0DFACC08372}.Debug|iPhone.ActiveCfg = Debug|Any CPU
		{80485425-B163-4B86-81F9-B0DFACC08372}.Debug|iPhone.Build.0 = Debug|Any CPU
		{80485425-B163-4B86-81F9-B0DFACC08372}.Debug|iPhone.Deploy.0 = Debug|Any CPU
		{80485425-B163-4B86-81F9-B0DFACC08372}.Debug|iPhoneSimulator.ActiveCfg = Debug|Any CPU
		{80485425-B163-4B86-81F9-B0DFACC08372}.Debug|iPhoneSimulator.Build.0 = Debug|Any CPU
		{80485425-B163-4B86-81F9-B0DFACC08372}.Debug|iPhoneSimulator.Deploy.0 = Debug|Any CPU
		{80485425-B163-4B86-81F9-B0DFACC08372}.Debug|x64.ActiveCfg = Debug|Any CPU
		{80485425-B163-4B86-81F9-B0DFACC08372}.Debug|x64.Build.0 = Debug|Any CPU
		{80485425-B163-4B86-81F9-B0DFACC08372}.Debug|x64.Deploy.0 = Debug|Any CPU
		{80485425-B163-4B86-81F9-B0DFACC08372}.Debug|x86.ActiveCfg = Debug|Any CPU
		{80485425-B163-4B86-81F9-B0DFACC08372}.Debug|x86.Build.0 = Debug|Any CPU
		{80485425-B163-4B86-81F9-B0DFACC08372}.Debug|x86.Deploy.0 = Debug|Any CPU
		{80485425-B163-4B86-81F9-B0DFACC08372}.Release|Any CPU.ActiveCfg = Release|Any CPU
		{80485425-B163-4B86-81F9-B0DFACC08372}.Release|Any CPU.Build.0 = Release|Any CPU
		{80485425-B163-4B86-81F9-B0DFACC08372}.Release|Any CPU.Deploy.0 = Release|Any CPU
		{80485425-B163-4B86-81F9-B0DFACC08372}.Release|ARM.ActiveCfg = Release|Any CPU
		{80485425-B163-4B86-81F9-B0DFACC08372}.Release|ARM.Build.0 = Release|Any CPU
		{80485425-B163-4B86-81F9-B0DFACC08372}.Release|ARM.Deploy.0 = Release|Any CPU
		{80485425-B163-4B86-81F9-B0DFACC08372}.Release|iPhone.ActiveCfg = Release|Any CPU
		{80485425-B163-4B86-81F9-B0DFACC08372}.Release|iPhone.Build.0 = Release|Any CPU
		{80485425-B163-4B86-81F9-B0DFACC08372}.Release|iPhone.Deploy.0 = Release|Any CPU
		{80485425-B163-4B86-81F9-B0DFACC08372}.Release|iPhoneSimulator.ActiveCfg = Release|Any CPU
		{80485425-B163-4B86-81F9-B0DFACC08372}.Release|iPhoneSimulator.Build.0 = Release|Any CPU
		{80485425-B163-4B86-81F9-B0DFACC08372}.Release|iPhoneSimulator.Deploy.0 = Release|Any CPU
		{80485425-B163-4B86-81F9-B0DFACC08372}.Release|x64.ActiveCfg = Release|Any CPU
		{80485425-B163-4B86-81F9-B0DFACC08372}.Release|x64.Build.0 = Release|Any CPU
		{80485425-B163-4B86-81F9-B0DFACC08372}.Release|x64.Deploy.0 = Release|Any CPU
		{80485425-B163-4B86-81F9-B0DFACC08372}.Release|x86.ActiveCfg = Release|Any CPU
		{80485425-B163-4B86-81F9-B0DFACC08372}.Release|x86.Build.0 = Release|Any CPU
		{80485425-B163-4B86-81F9-B0DFACC08372}.Release|x86.Deploy.0 = Release|Any CPU
	EndGlobalSection
	GlobalSection(SolutionProperties) = preSolution
		HideSolutionNode = FALSE
	EndGlobalSection
	GlobalSection(ExtensibilityGlobals) = postSolution
		SolutionGuid = {F771735A-5C66-4345-97AB-B60E69A76EBF}
	EndGlobalSection
EndGlobal
